
Microsoft Visual Studio Solution File, Format Version 12.00
# Visual Studio Version 17
VisualStudioVersion = 17.14.36623.8 d17.14
MinimumVisualStudioVersion = 10.0.40219.1
Project("{FAE04EC0-301F-11D3-BF4B-00C04F79EFBC}") = "jageed array", "jageed array\jageed array.csproj", "{B7A05ACF-672A-4164-A86E-5F7CEBCFEBF4}"
EndProject
Global
	GlobalSection(SolutionConfigurationPlatforms) = preSolution
		Debug|Any CPU = Debug|Any CPU
		Release|Any CPU = Release|Any CPU
	EndGlobalSection
	GlobalSection(ProjectConfigurationPlatforms) = postSolution
		{B7A05ACF-672A-4164-A86E-5F7CEBCFEBF4}.Debug|Any CPU.ActiveCfg = Debug|Any CPU
		{B7A05ACF-672A-4164-A86E-5F7CEBCFEBF4}.Debug|Any CPU.Build.0 = Debug|Any CPU
		{B7A05ACF-672A-4164-A86E-5F7CEBCFEBF4}.Release|Any CPU.ActiveCfg = Release|Any CPU
		{B7A05ACF-672A-4164-A86E-5F7CEBCFEBF4}.Release|Any CPU.Build.0 = Release|Any CPU
	EndGlobalSection
	GlobalSection(SolutionProperties) = preSolution
		HideSolutionNode = FALSE
	EndGlobalSection
	GlobalSection(ExtensibilityGlobals) = postSolution
		SolutionGuid = {BE3987E9-55BE-4987-BF98-136651E9D085}
	EndGlobalSection
EndGlobal
